<?xml version="1.0" encoding="utf-8"?>
<Project ToolsVersion="4.0" xmlns="http://schemas.microsoft.com/developer/msbuild/2003">
  <ItemGroup>
    <Filter Include="Source Files">
      <UniqueIdentifier>{4FC737F1-C7A5-4376-A066-2A32D752A2FF}</UniqueIdentifier>
      <Extensions>cpp;c;cc;cxx;c++;cppm;ixx;def;odl;idl;hpj;bat;asm;asmx</Extensions>
    </Filter>
    <Filter Include="Header Files">
      <UniqueIdentifier>{93995380-89BD-4b04-88EB-625FBE52EBFB}</UniqueIdentifier>
      <Extensions>h;hh;hpp;hxx;h++;hm;inl;inc;ipp;xsd</Extensions>
    </Filter>
    <Filter Include="Resource Files">
      <UniqueIdentifier>{67DA6AB6-F800-4c08-8B7A-83BB121AAD01}</UniqueIdentifier>
      <Extensions>rc;ico;cur;bmp;dlg;rc2;rct;bin;rgs;gif;jpg;jpeg;jpe;resx;tiff;tif;png;wav;mfcribbon-ms</Extensions>
    </Filter>
    <Filter Include="Header Files\glad">
      <UniqueIdentifier>{5979d3df-68c7-4833-b855-c36b99635077}</UniqueIdentifier>
    </Filter>
    <Filter Include="Header Files\KHR">
      <UniqueIdentifier>{ec4eb56a-2cf9-4466-bd72-5953420211af}</UniqueIdentifier>
    </Filter>
    <Filter Include="Resource Files\Shaders">
      <UniqueIdentifier>{14fbf4a0-b986-4ca6-b6a6-58d1dd257ef5}</UniqueIdentifier>
    </Filter>
    <Filter Include="Resource Files\Assets">
      <UniqueIdentifier>{abb6cdb6-2e27-4c2c-a22c-8cd4dc361fbd}</UniqueIdentifier>
    </Filter>
    <Filter Include="Resource Files\Assets\Skybox">
      <UniqueIdentifier>{9ce550cb-5cd8-402c-baa2-250bba734007}</UniqueIdentifier>
    </Filter>
    <Filter Include="Resource Files\Assets\Models">
      <UniqueIdentifier>{5ff0ba74-1bcd-439c-a502-d53cb94e13c6}</UniqueIdentifier>
    </Filter>
  </ItemGroup>
  <ItemGroup>
    <ClCompile Include="main.cpp">
      <Filter>Source Files</Filter>
    </ClCompile>
    <ClCompile Include="Shader.cpp">
      <Filter>Source Files</Filter>
    </ClCompile>
    <ClCompile Include="Camera.cpp">
      <Filter>Source Files</Filter>
    </ClCompile>
    <ClCompile Include="Chunk.cpp">
      <Filter>Source Files</Filter>
    </ClCompile>
    <ClCompile Include="PerlinNoise.cpp">
      <Filter>Source Files</Filter>
    </ClCompile>
    <ClCompile Include="glad.c">
      <Filter>Source Files</Filter>
    </ClCompile>
    <ClCompile Include="Texture.cpp">
      <Filter>Source Files</Filter>
    </ClCompile>
    <ClCompile Include="Light.cpp">
      <Filter>Source Files</Filter>
    </ClCompile>
    <ClCompile Include="RenderTexture.cpp">
      <Filter>Source Files</Filter>
    </ClCompile>
    <ClCompile Include="Material.cpp">
      <Filter>Source Files</Filter>
    </ClCompile>
    <ClCompile Include="Skybox.cpp">
      <Filter>Source Files</Filter>
    </ClCompile>
    <ClCompile Include="Cubemap.cpp">
      <Filter>Source Files</Filter>
    </ClCompile>
    <ClCompile Include="World.cpp">
      <Filter>Source Files</Filter>
    </ClCompile>
    <ClCompile Include="MathHelper.cpp">
      <Filter>Source Files</Filter>
    </ClCompile>
    <ClCompile Include="DebugHelper.cpp">
      <Filter>Source Files</Filter>
    </ClCompile>
    <ClCompile Include="VertexTypes.cpp">
      <Filter>Source Files</Filter>
    </ClCompile>
    <ClCompile Include="InputWrapper.cpp">
      <Filter>Source Files</Filter>
    </ClCompile>
    <ClCompile Include="TextureLoadHelper.cpp">
      <Filter>Source Files</Filter>
    </ClCompile>
    <ClCompile Include="Mesh.cpp">
      <Filter>Source Files</Filter>
    </ClCompile>
    <ClCompile Include="Model.cpp">
      <Filter>Source Files</Filter>
    </ClCompile>
    <ClCompile Include="Biome.cpp">
      <Filter>Source Files</Filter>
    </ClCompile>
    <ClCompile Include="stb_image.cpp">
      <Filter>Source Files</Filter>
    </ClCompile>
    <ClCompile Include="Terrain.cpp">
      <Filter>Source Files</Filter>
    </ClCompile>
    <ClCompile Include="ShaderManager.cpp">
      <Filter>Source Files</Filter>
    </ClCompile>
    <ClCompile Include="WorleyNoise.cpp">
      <Filter>Source Files</Filter>
    </ClCompile>
    <ClCompile Include="Texture3D.cpp">
      <Filter>Source Files</Filter>
    </ClCompile>
    <ClCompile Include="Clouds.cpp">
      <Filter>Source Files</Filter>
    </ClCompile>
  </ItemGroup>
  <ItemGroup>
    <ClInclude Include="glad\glad.h">
      <Filter>Header Files\glad</Filter>
    </ClInclude>
    <ClInclude Include="KHR\khrplatform.h">
      <Filter>Header Files\KHR</Filter>
    </ClInclude>
    <ClInclude Include="Shader.h">
      <Filter>Header Files</Filter>
    </ClInclude>
    <ClInclude Include="Camera.h">
      <Filter>Header Files</Filter>
    </ClInclude>
    <ClInclude Include="Chunk.h">
      <Filter>Header Files</Filter>
    </ClInclude>
    <ClInclude Include="PerlinNoise.h">
      <Filter>Header Files</Filter>
    </ClInclude>
    <ClInclude Include="Texture.h">
      <Filter>Header Files</Filter>
    </ClInclude>
    <ClInclude Include="Light.h">
      <Filter>Header Files</Filter>
    </ClInclude>
    <ClInclude Include="RenderTexture.h">
      <Filter>Header Files</Filter>
    </ClInclude>
    <ClInclude Include="Material.h">
      <Filter>Header Files</Filter>
    </ClInclude>
    <ClInclude Include="Skybox.h">
      <Filter>Header Files</Filter>
    </ClInclude>
    <ClInclude Include="Cubemap.h">
      <Filter>Header Files</Filter>
    </ClInclude>
    <ClInclude Include="World.h">
      <Filter>Header Files</Filter>
    </ClInclude>
    <ClInclude Include="MathHelper.h">
      <Filter>Header Files</Filter>
    </ClInclude>
    <ClInclude Include="DebugHelper.h">
      <Filter>Header Files</Filter>
    </ClInclude>
    <ClInclude Include="VertexTypes.h">
      <Filter>Header Files</Filter>
    </ClInclude>
    <ClInclude Include="Utils.h">
      <Filter>Header Files</Filter>
    </ClInclude>
    <ClInclude Include="InputWrapper.h">
      <Filter>Header Files</Filter>
    </ClInclude>
    <ClInclude Include="TextureLoadHelper.h">
      <Filter>Header Files</Filter>
    </ClInclude>
    <ClInclude Include="Mesh.h">
      <Filter>Header Files</Filter>
    </ClInclude>
    <ClInclude Include="Model.h">
      <Filter>Header Files</Filter>
    </ClInclude>
    <ClInclude Include="Biome.h">
      <Filter>Header Files</Filter>
    </ClInclude>
    <ClInclude Include="Terrain.h">
      <Filter>Header Files</Filter>
    </ClInclude>
    <ClInclude Include="ShaderManager.h">
      <Filter>Header Files</Filter>
    </ClInclude>
    <ClInclude Include="WorleyNoise.h">
      <Filter>Header Files</Filter>
    </ClInclude>
    <ClInclude Include="Texture3D.h">
      <Filter>Header Files</Filter>
    </ClInclude>
    <ClInclude Include="Clouds.h">
      <Filter>Header Files</Filter>
    </ClInclude>
  </ItemGroup>
  <ItemGroup>
    <CopyFileToFolders Include="shaders\Terrain.vert">
      <Filter>Resource Files\Shaders</Filter>
    </CopyFileToFolders>
    <CopyFileToFolders Include="shaders\Terrain.frag">
      <Filter>Resource Files\Shaders</Filter>
    </CopyFileToFolders>
    <CopyFileToFolders Include="assets\container.jpg">
      <Filter>Resource Files\Assets</Filter>
    </CopyFileToFolders>
    <CopyFileToFolders Include="assets\awesomeface.png">
      <Filter>Resource Files\Assets</Filter>
    </CopyFileToFolders>
    <CopyFileToFolders Include="Shaders\Terrain.tesc">
      <Filter>Resource Files\Shaders</Filter>
    </CopyFileToFolders>
    <CopyFileToFolders Include="Shaders\Terrain.tese">
      <Filter>Resource Files\Shaders</Filter>
    </CopyFileToFolders>
    <CopyFileToFolders Include="Assets\dirt01d.tga">
      <Filter>Resource Files\Assets</Filter>
    </CopyFileToFolders>
    <CopyFileToFolders Include="Assets\dirt01n.tga">
      <Filter>Resource Files\Assets</Filter>
    </CopyFileToFolders>
    <CopyFileToFolders Include="Assets\snow_02_diff_1k.png">
      <Filter>Resource Files\Assets</Filter>
    </CopyFileToFolders>
    <CopyFileToFolders Include="Assets\snow_02_nor_gl_1k.png">
      <Filter>Resource Files\Assets</Filter>
    </CopyFileToFolders>
    <CopyFileToFolders Include="Assets\snow_02_spec_1k.png">
      <Filter>Resource Files\Assets</Filter>
    </CopyFileToFolders>
    <CopyFileToFolders Include="Assets\medieval_blocks_02_diff_1k.png">
      <Filter>Resource Files\Assets</Filter>
    </CopyFileToFolders>
    <CopyFileToFolders Include="Assets\medieval_blocks_02_nor_gl_1k.png">
      <Filter>Resource Files\Assets</Filter>
    </CopyFileToFolders>
    <CopyFileToFolders Include="Assets\medieval_blocks_02_spec_1k.png">
      <Filter>Resource Files\Assets</Filter>
    </CopyFileToFolders>
    <CopyFileToFolders Include="Assets\brown_mud_leaves_01_diff_1k.png">
      <Filter>Resource Files\Assets</Filter>
    </CopyFileToFolders>
    <CopyFileToFolders Include="Assets\brown_mud_leaves_01_nor_gl_1k.png">
      <Filter>Resource Files\Assets</Filter>
    </CopyFileToFolders>
    <CopyFileToFolders Include="Assets\brown_mud_leaves_01_spec_1k.png">
      <Filter>Resource Files\Assets</Filter>
    </CopyFileToFolders>
    <CopyFileToFolders Include="Assets\forest_leaves_03_diff_1k.png">
      <Filter>Resource Files\Assets</Filter>
    </CopyFileToFolders>
    <CopyFileToFolders Include="Assets\forest_leaves_03_nor_gl_1k.png">
      <Filter>Resource Files\Assets</Filter>
    </CopyFileToFolders>
    <CopyFileToFolders Include="Assets\snow_field_aerial_col_1k.png">
      <Filter>Resource Files\Assets</Filter>
    </CopyFileToFolders>
    <CopyFileToFolders Include="Assets\snow_field_aerial_nor_gl_1k.png">
      <Filter>Resource Files\Assets</Filter>
    </CopyFileToFolders>
    <CopyFileToFolders Include="Assets\snow_03_diff_1k.png">
      <Filter>Resource Files\Assets</Filter>
    </CopyFileToFolders>
    <CopyFileToFolders Include="Assets\snow_03_nor_gl_1k.png">
      <Filter>Resource Files\Assets</Filter>
    </CopyFileToFolders>
    <CopyFileToFolders Include="Assets\snow_03_spec_1k.png">
      <Filter>Resource Files\Assets</Filter>
    </CopyFileToFolders>
    <CopyFileToFolders Include="Shaders\Skybox.frag">
      <Filter>Resource Files\Shaders</Filter>
    </CopyFileToFolders>
    <CopyFileToFolders Include="Shaders\Skybox.vert">
      <Filter>Resource Files\Shaders</Filter>
    </CopyFileToFolders>
    <CopyFileToFolders Include="Assets\Skybox\back.jpg">
      <Filter>Resource Files\Assets\Skybox</Filter>
    </CopyFileToFolders>
    <CopyFileToFolders Include="Assets\Skybox\bottom.jpg">
      <Filter>Resource Files\Assets\Skybox</Filter>
    </CopyFileToFolders>
    <CopyFileToFolders Include="Assets\Skybox\front.jpg">
      <Filter>Resource Files\Assets\Skybox</Filter>
    </CopyFileToFolders>
    <CopyFileToFolders Include="Assets\Skybox\left.jpg">
      <Filter>Resource Files\Assets\Skybox</Filter>
    </CopyFileToFolders>
    <CopyFileToFolders Include="Assets\Skybox\right.jpg">
      <Filter>Resource Files\Assets\Skybox</Filter>
    </CopyFileToFolders>
    <CopyFileToFolders Include="Assets\Skybox\top.jpg">
      <Filter>Resource Files\Assets\Skybox</Filter>
    </CopyFileToFolders>
    <CopyFileToFolders Include="Shaders\MinMipMap.comp">
      <Filter>Resource Files\Shaders</Filter>
    </CopyFileToFolders>
    <CopyFileToFolders Include="Shaders\Color.vert">
      <Filter>Resource Files\Shaders</Filter>
    </CopyFileToFolders>
    <CopyFileToFolders Include="Shaders\Color.frag">
      <Filter>Resource Files\Shaders</Filter>
    </CopyFileToFolders>
    <CopyFileToFolders Include="Shaders\PerlinNoise.comp">
      <Filter>Resource Files\Shaders</Filter>
    </CopyFileToFolders>
    <CopyFileToFolders Include="Assets\Models\ao.jpg">
      <Filter>Resource Files\Assets\Models</Filter>
    </CopyFileToFolders>
    <CopyFileToFolders Include="Assets\Models\backpack.mtl">
      <Filter>Resource Files\Assets\Models</Filter>
    </CopyFileToFolders>
    <CopyFileToFolders Include="Assets\Models\backpack.obj">
      <Filter>Resource Files\Assets\Models</Filter>
    </CopyFileToFolders>
    <CopyFileToFolders Include="Assets\Models\diffuse.jpg">
      <Filter>Resource Files\Assets\Models</Filter>
    </CopyFileToFolders>
    <CopyFileToFolders Include="Assets\Models\normal.png">
      <Filter>Resource Files\Assets\Models</Filter>
    </CopyFileToFolders>
    <CopyFileToFolders Include="Assets\Models\roughness.jpg">
      <Filter>Resource Files\Assets\Models</Filter>
    </CopyFileToFolders>
    <CopyFileToFolders Include="Assets\Models\source_attribution.txt">
      <Filter>Resource Files\Assets\Models</Filter>
    </CopyFileToFolders>
    <CopyFileToFolders Include="Assets\Models\specular.jpg">
      <Filter>Resource Files\Assets\Models</Filter>
    </CopyFileToFolders>
    <CopyFileToFolders Include="Shaders\Model.vert">
      <Filter>Resource Files\Shaders</Filter>
    </CopyFileToFolders>
    <CopyFileToFolders Include="Shaders\Model.frag">
      <Filter>Resource Files\Shaders</Filter>
    </CopyFileToFolders>
    <CopyFileToFolders Include="Assets\Models\grass.mtl">
      <Filter>Resource Files\Assets\Models</Filter>
    </CopyFileToFolders>
    <CopyFileToFolders Include="Assets\Models\grass.obj">
      <Filter>Resource Files\Assets\Models</Filter>
    </CopyFileToFolders>
    <CopyFileToFolders Include="Assets\Models\Map__1359796413_Mix.tga">
      <Filter>Resource Files\Assets\Models</Filter>
    </CopyFileToFolders>
    <CopyFileToFolders Include="Assets\Models\Map__1359796415_Mix.tga">
      <Filter>Resource Files\Assets\Models</Filter>
    </CopyFileToFolders>
    <CopyFileToFolders Include="Assets\Models\petal.png">
      <Filter>Resource Files\Assets\Models</Filter>
    </CopyFileToFolders>
    <CopyFileToFolders Include="Shaders\Folliage.vert">
      <Filter>Resource Files\Shaders</Filter>
    </CopyFileToFolders>
    <CopyFileToFolders Include="Shaders\Folliage.frag">
      <Filter>Resource Files\Shaders</Filter>
    </CopyFileToFolders>
    <CopyFileToFolders Include="Shaders\AverageMipMap.comp">
      <Filter>Resource Files\Shaders</Filter>
    </CopyFileToFolders>
    <CopyFileToFolders Include="Assets\Models\GrassBilboard.png">
      <Filter>Resource Files\Assets\Models</Filter>
    </CopyFileToFolders>
    <CopyFileToFolders Include="Shaders\MaxMipMap.comp">
      <Filter>Resource Files\Shaders</Filter>
    </CopyFileToFolders>
    <CopyFileToFolders Include="Shaders\FolliageBilboard.vert">
      <Filter>Resource Files\Shaders</Filter>
    </CopyFileToFolders>
    <CopyFileToFolders Include="Shaders\FolliageBilboard.frag">
      <Filter>Resource Files\Shaders</Filter>
    </CopyFileToFolders>
    <CopyFileToFolders Include="Shaders\WorleyNoise.comp">
      <Filter>Resource Files\Shaders</Filter>
    </CopyFileToFolders>
    <CopyFileToFolders Include="Shaders\Texture3DSlice.frag">
      <Filter>Resource Files\Shaders</Filter>
    </CopyFileToFolders>
    <CopyFileToFolders Include="Shaders\Texture3DSlice.vert">
      <Filter>Resource Files\Shaders</Filter>
    </CopyFileToFolders>
    <CopyFileToFolders Include="Shaders\Texture3DNormalize.comp">
      <Filter>Resource Files\Shaders</Filter>
    </CopyFileToFolders>
    <CopyFileToFolders Include="Shaders\Texture.vert">
      <Filter>Resource Files\Shaders</Filter>
    </CopyFileToFolders>
    <CopyFileToFolders Include="Shaders\Texture.frag">
      <Filter>Resource Files\Shaders</Filter>
    </CopyFileToFolders>
    <CopyFileToFolders Include="Shaders\Clouds.frag">
      <Filter>Resource Files\Shaders</Filter>
    </CopyFileToFolders>
    <CopyFileToFolders Include="Shaders\Clouds.vert">
      <Filter>Resource Files\Shaders</Filter>
    </CopyFileToFolders>
  </ItemGroup>
</Project>